
Microsoft Visual Studio Solution File, Format Version 12.00
# Visual Studio Version 16
VisualStudioVersion = 16.0.30114.105
MinimumVisualStudioVersion = 10.0.40219.1
Project("{FAE04EC0-301F-11D3-BF4B-00C04F79EFBC}") = "w01", "w01\w01.csproj", "{36CCAC84-323A-4FA2-89AC-42AD16BE7C36}"
EndProject
Project("{FAE04EC0-301F-11D3-BF4B-00C04F79EFBC}") = "w01.Tests", "w01.Tests\w01.Tests.csproj", "{D651F03B-D474-417B-A3F2-A43FC09FF5A3}"
EndProject
Global
	GlobalSection(SolutionConfigurationPlatforms) = preSolution
		Debug|Any CPU = Debug|Any CPU
		Release|Any CPU = Release|Any CPU
	EndGlobalSection
	GlobalSection(SolutionProperties) = preSolution
		HideSolutionNode = FALSE
	EndGlobalSection
	GlobalSection(ProjectConfigurationPlatforms) = postSolution
		{36CCAC84-323A-4FA2-89AC-42AD16BE7C36}.Debug|Any CPU.ActiveCfg = Debug|Any CPU
		{36CCAC84-323A-4FA2-89AC-42AD16BE7C36}.Debug|Any CPU.Build.0 = Debug|Any CPU
		{36CCAC84-323A-4FA2-89AC-42AD16BE7C36}.Release|Any CPU.ActiveCfg = Release|Any CPU
		{36CCAC84-323A-4FA2-89AC-42AD16BE7C36}.Release|Any CPU.Build.0 = Release|Any CPU
		{D651F03B-D474-417B-A3F2-A43FC09FF5A3}.Debug|Any CPU.ActiveCfg = Debug|Any CPU
		{D651F03B-D474-417B-A3F2-A43FC09FF5A3}.Debug|Any CPU.Build.0 = Debug|Any CPU
		{D651F03B-D474-417B-A3F2-A43FC09FF5A3}.Release|Any CPU.ActiveCfg = Release|Any CPU
		{D651F03B-D474-417B-A3F2-A43FC09FF5A3}.Release|Any CPU.Build.0 = Release|Any CPU
	EndGlobalSection
EndGlobal
